// !$*UTF8*$!
{
	archiveVersion = 1;
	classes = {
	};
	objectVersion = 56;
	objects = {

/* Begin PBXBuildFile section */
		01EC79B68740FB25E2D855C3 = {
			isa = PBXBuildFile;
			fileRef = C3FBC4CE5DACF98C03308180;
		};
		027E9D3A91FA47F0751DA9E9 = {
			isa = PBXBuildFile;
			fileRef = CEFD4DEA5D15012252E07229;
			settings = {
				ATTRIBUTES = (
					RemoveHeadersOnCopy,
					CodeSignOnCopy,
				);
			};
		};
		03883894BBF1AE29F42B4D2D = {
			isa = PBXBuildFile;
			fileRef = 5E8F510D70A1DD35880BEDFB;
		};
		04BD982B535C5E1D9D1FF200 = {
			isa = PBXBuildFile;
			fileRef = DBC897134C734B2D9F3C02A4;
		};
		0507F99B4884309B7CFF2C5C = {
			isa = PBXBuildFile;
			fileRef = 7BC7E95C1528B971CA3BA5ED;
		};
		096F4183C56C9E943DB30F50 = {
			isa = PBXBuildFile;
			fileRef = D7DD0A70A71481B02F2CBA43;
		};
		098EB45F9B9420CDC83E8E04 = {
			isa = PBXBuildFile;
			fileRef = 40DD86579C029A9347B41188;
		};
		0AC3DEEC3BA5C7DDC795D277 = {
			isa = PBXBuildFile;
			productRef = 8E2055DF5028DDA24BEF8208;
		};
		169F0F89A9FB98991CA2D0D4 = {
			isa = PBXBuildFile;
			fileRef = 9D00959E0136C01C7D4F6375;
		};
		1F20B666EC18CE8BFD2F96C0 = {
			isa = PBXBuildFile;
			fileRef = 4DB99D78BD04E2D807FC8998;
		};
		23EB6310B3C3E37F87C48FF7 = {
			isa = PBXBuildFile;
			fileRef = 71677A0DEB7A87DA40A920F7;
		};
		24CC7979DC1D6DD301A5CBBB = {
			isa = PBXBuildFile;
			fileRef = D3EA0EE4DA9657223E56BFD3;
		};
		283D4B640FE3198BB427F2C8 = {
			isa = PBXBuildFile;
			fileRef = D7DD0A70A71481B02F2CBA43;
		};
		29BE578897075D07E3A3FBC1 = {
			isa = PBXBuildFile;
			fileRef = 6C81B0B124C6A64E1EF69075;
		};
		2E4B922F6EB21476498ABC14 = {
			isa = PBXBuildFile;
			fileRef = F5D823DC374F25BC9B5B8EEF;
		};
		3063DB780D8B79EFCBE9FADE = {
			isa = PBXBuildFile;
			fileRef = 990EC1215F39696F63A29C22;
		};
		363785D1B80AC7F5E90B6482 = {
			isa = PBXBuildFile;
			fileRef = 845992FB025C1C572C3EBD00;
		};
		3C5087748CFF3B715AD6CECE = {
			isa = PBXBuildFile;
			fileRef = E52791757A2D876935E5D25C;
		};
		4258839F5A29D825AE5B9FAC = {
			isa = PBXBuildFile;
			fileRef = EC1C2ECD42F69BE4CD43D760;
		};
		45BA357AD144B00528FD31BE = {
			isa = PBXBuildFile;
			fileRef = 5E8F510D70A1DD35880BEDFB;
		};
		47B41E103578C4772AB05845 = {
			isa = PBXBuildFile;
			fileRef = 7FA019032B0F80521E3D396E;
		};
		47B9CCEB21CB555CE65C9B1C = {
			isa = PBXBuildFile;
			fileRef = 99778EF723BB68487C3A24DD;
		};
		51FB713B87DE914B2C655C88 = {
			isa = PBXBuildFile;
			fileRef = DF9F3D6B47356B3FC0345BBA;
		};
		551895C64DD6B703CC749386 = {
			isa = PBXBuildFile;
			fileRef = 71677A0DEB7A87DA40A920F7;
		};
		5775DBD34590FE86542E9520 = {
			isa = PBXBuildFile;
			fileRef = 2A4975192FFD9F4B8BD29247;
		};
		5852E762ED8B58F790B11FF9 = {
			isa = PBXBuildFile;
			fileRef = 14A0916FEBAA6B9456896948;
		};
		58BCFD9CC6D1EE5D78AB27D6 = {
			isa = PBXBuildFile;
			fileRef = 52E7F7CCFBFE3A5E9C414ADE;
		};
		5977A2949B48F8F5AEE1849F = {
			isa = PBXBuildFile;
			fileRef = 5B2568BFE8791EA200400B21;
		};
		5D84D885D4E35CD62989427E = {
			isa = PBXBuildFile;
			fileRef = B90F977C45CDB37808B862DE;
		};
		6D5EA9789E8C4CE99B207E0E = {
			isa = PBXBuildFile;
			fileRef = 135B5794454AF9FABF050BF0;
		};
		6D9A210BE43B4216889BBF41 = {
			isa = PBXBuildFile;
			fileRef = 787C31AD71054E7AF540E367;
		};
		6FDCC648EFC75DED3C1808FB = {
			isa = PBXBuildFile;
			fileRef = D8D29A10A05AD03EA54F2899;
		};
		702B9467B53C9AEB3D54E584 = {
			isa = PBXBuildFile;
			fileRef = F8AC1D0668F18B820EEBA181;
		};
		79F09BF3C5D5456186EECEF8 = {
			isa = PBXBuildFile;
			fileRef = 52560578F5C1B9D6F7372997;
		};
		7C401FE3A5E7DCD9062A19DA = {
			isa = PBXBuildFile;
			fileRef = 8138026CAA5EDBADF3A45420;
		};
		807F140ED71A2CCD466CFB96 = {
			isa = PBXBuildFile;
			fileRef = 670C0A67285F4191A98E7296;
		};
		81AA448E16013E443F054C03 = {
			isa = PBXBuildFile;
			fileRef = 7F714BFD4A534560D5AB827B;
		};
		82D06AA773806FC09C30243B = {
			isa = PBXBuildFile;
			fileRef = AED36A62FB3B05E8688DC85B;
		};
		8373A044F529161D641C79A1 = {
			isa = PBXBuildFile;
			fileRef = 9A30BEC597DD976595406E6F;
		};
		86BA0FFD74A4773F691C9751 = {
			isa = PBXBuildFile;
			fileRef = 8AD45DAC24F4F6234A3D6148;
		};
		86D5C0068BD85348CA28C33E = {
			isa = PBXBuildFile;
			fileRef = 8EFDBF451B5ACD71367EDA08;
		};
		87A3FE4F8E1AF2D84206B46E = {
			isa = PBXBuildFile;
			fileRef = FA5901AFC06B15351949052C;
		};
		94BF62E5113FDE160442A2AD = {
			isa = PBXBuildFile;
			fileRef = 6AD63C3EE6A16DAEB7033251;
		};
		96CD47ED2E8A86BFED785C16 = {
			isa = PBXBuildFile;
			fileRef = 187B91A2AF3B83DE5C37F6D1;
		};
		986027CEF0A71B450A65BFAD = {
			isa = PBXBuildFile;
			fileRef = 40DD86579C029A9347B41188;
		};
		0BDEEA2126D16B79B388B6E8 = {
			isa = PBXBuildFile;
			fileRef = A32EAC173147A355AA246014;
		};
		9A2992ACF0B1E660D0745D93 = {
			isa = PBXBuildFile;
			fileRef = 9E012D65F46757E4F099CA64;
		};
		9A99753F92E4BEDDE7D15E4C = {
			isa = PBXBuildFile;
			fileRef = 069BF8018D99E7006B7E1809;
		};
		9CE3DC85ED4DF02337E0317A = {
			isa = PBXBuildFile;
			fileRef = 6B267F5E1A63342993777D51;
		};
		83C7435F66CEAB7AD741A3BC = {
			isa = PBXBuildFile;
			fileRef = 884545027A4A93EBE8949EED;
		};
		A289CE6CDB6BA6628301FA1C = {
			isa = PBXBuildFile;
			fileRef = 8D9F7EF34BB42DB6054DCB61;
		};
		A5B08CA1047B1DBA03DACAC9 = {
			isa = PBXBuildFile;
			fileRef = 920C5D19133348D51C686347;
		};
		A603EF62DE40A87260876E77 = {
			isa = PBXBuildFile;
			fileRef = F76C95108D24842533E0E923;
		};
		ADA084024E482507C50A7E48 = {
			isa = PBXBuildFile;
			fileRef = 573305E33536163A2DC41A68;
		};
		AE546E3F0DB4FA9DA6B23AE9 = {
			isa = PBXBuildFile;
			productRef = 9CD6581BAE1CA10542A44723;
		};
		B5A7C5B7C09C1F6069ACA1B6 = {
			isa = PBXBuildFile;
			fileRef = 29EC731A038874C62206087F;
		};
		BBF6F01F63A34D0AD42E9E3B = {
			isa = PBXBuildFile;
			fileRef = D36A97826476DF5DC307B83D;
		};
		BE66F4EA74770BF8242B24E5 = {
			isa = PBXBuildFile;
			fileRef = 433ECE6F44DF17E1F44B7EE2;
		};
		C271682049BABF0C24323592 = {
			isa = PBXBuildFile;
			fileRef = A489AE02B78633C1EAC0E15F;
		};
		CE86D527A3C3D39262FF0006 = {
			isa = PBXBuildFile;
			fileRef = 884545027A4A93EBE8949EED;
		};
		C7452B2CD6EE823ACC42F10D = {
			isa = PBXBuildFile;
			fileRef = 8D9F7EF34BB42DB6054DCB61;
		};
		C0E817006E8F5A8554F6A779 = {
			isa = PBXBuildFile;
			fileRef = A32EAC173147A355AA246014;
		};
		C81BB9F064D601AEE977136E = {
			isa = PBXBuildFile;
			fileRef = 9E012D65F46757E4F099CA64;
		};
		C9FE3B8B3BB52EFF43401B22 = {
			isa = PBXBuildFile;
			fileRef = 5C99E4A254D82F4E3EC24FB9;
		};
		CD3B8785BC65548348651883 = {
			isa = PBXBuildFile;
			productRef = 4FFD0B4253A25343C4C7A949;
		};
		CFF980AC6DD09500BB7F1A0D = {
			isa = PBXBuildFile;
			productRef = 11EF1E7245233D20C059D7AE;
		};
		D29C4AAA28EC92F4DFAB3A59 = {
			isa = PBXBuildFile;
			fileRef = 4DB99D78BD04E2D807FC8998;
		};
		DB2CF1F88FA858A2258C1CC6 = {
			isa = PBXBuildFile;
			fileRef = C4683F753CEE272A9CD82FB6;
		};
		DBCBCBC2DAE9C78524895908 = {
			isa = PBXBuildFile;
			fileRef = 60B630D5BC2966026AEB73B1;
		};
		DC87B12574CDDEB038A3EA9B = {
			isa = PBXBuildFile;
			fileRef = 5B2568BFE8791EA200400B21;
		};
		DD607B76EC4D25BF6BC3337E = {
			isa = PBXBuildFile;
			fileRef = 135B5794454AF9FABF050BF0;
		};
		DE7E12EC082F90ECB72921B2 = {
			isa = PBXBuildFile;
			fileRef = 52E7F7CCFBFE3A5E9C414ADE;
		};
		E1706D0BC346F78250494B11 = {
			isa = PBXBuildFile;
			fileRef = 074E8D4CFF83E3E58FE7D374;
		};
		E2B09302BFE6201D0E119EBE = {
			isa = PBXBuildFile;
			fileRef = D0D343968069D3A3CC47FD72;
		};
		E8A8F57820D2E9AFA954F1D4 = {
			isa = PBXBuildFile;
			fileRef = C3D167458642990FD52AEA35;
		};
		E9F2A1F61438AB5B374855DB = {
			isa = PBXBuildFile;
			fileRef = F5D823DC374F25BC9B5B8EEF;
		};
		EBA33F6231A119FD9FB6A142 = {
			isa = PBXBuildFile;
			fileRef = 29EC731A038874C62206087F;
		};
		EC2B5BB7B774EEEEFAA01175 = {
			isa = PBXBuildFile;
			fileRef = 0558E7168C9CC88F132FA1D4;
		};
		ECBE8F64608460511D66A392 = {
			isa = PBXBuildFile;
			fileRef = 99778EF723BB68487C3A24DD;
		};
		ECDA89DC805C16216CEE4239 = {
			isa = PBXBuildFile;
			fileRef = 356963982FB09CC96956127F;
		};
		EFED1E2DF25702BD2C719B39 = {
			isa = PBXBuildFile;
			fileRef = 60B630D5BC2966026AEB73B1;
		};
		F8617431E369E27D7B480397 = {
			isa = PBXBuildFile;
			productRef = 769FCFDB80DBC1CB2939A25B;
		};
/* End PBXBuildFile section */

/* Begin PBXContainerItemProxy section */
		8E88969AE44D8F2781D0CDC1 = {
			isa = PBXContainerItemProxy;
			containerPortal = 46F86FAA6BBF9AC94A7E4595;
			proxyType = 1;
			remoteGlobalIDString = AFD30DA8D453A2B5EF88A0F2;
			remoteInfo = PrettyShotIOS;
		};
		992D2B9F88B9E50B27D755B8 = {
			isa = PBXContainerItemProxy;
			containerPortal = 46F86FAA6BBF9AC94A7E4595;
			proxyType = 1;
			remoteGlobalIDString = AF8C5571E67ED7DA244F9FB3;
			remoteInfo = PrettyShot;
		};
		FFF44602CD84F5803FAFCFF4 = {
			isa = PBXContainerItemProxy;
			containerPortal = 46F86FAA6BBF9AC94A7E4595;
			proxyType = 1;
			remoteGlobalIDString = B90220CD446E942616DF7445;
			remoteInfo = PrettyShotShare;
		};
/* End PBXContainerItemProxy section */

/* Begin PBXCopyFilesBuildPhase section */
		3F56069A7D6F2AD8F51B6B4A = {
			isa = PBXCopyFilesBuildPhase;
			buildActionMask = 2147483647;
			dstPath = "";
			dstSubfolderSpec = 13;
			files = (
				027E9D3A91FA47F0751DA9E9,
			);
			name = "Embed Foundation Extensions";
			runOnlyForDeploymentPostprocessing = 0;
		};
/* End PBXCopyFilesBuildPhase section */

/* Begin PBXFileReference section */
		03F7D58B23001A083BC52C6A = {
			isa = PBXFileReference;
			lastKnownFileType = text.xcconfig;
			path = Handoff.xcconfig;
			sourceTree = "<group>";
		};
		0558E7168C9CC88F132FA1D4 = {
			isa = PBXFileReference;
			lastKnownFileType = sourcecode.swift;
			path = BackgroundTests.swift;
			sourceTree = "<group>";
		};
		069BF8018D99E7006B7E1809 = {
			isa = PBXFileReference;
			lastKnownFileType = sourcecode.swift;
			path = WindowCatalog.swift;
			sourceTree = "<group>";
		};
		074E8D4CFF83E3E58FE7D374 = {
			isa = PBXFileReference;
			lastKnownFileType = folder.assetcatalog;
			path = Assets.xcassets;
			sourceTree = "<group>";
		};
		0DF6B34D1BE16F6C82431D44 = {
			isa = PBXFileReference;
			lastKnownFileType = text.plist.xml;
			path = Info.plist;
			sourceTree = "<group>";
		};
		135B5794454AF9FABF050BF0 = {
			isa = PBXFileReference;
			lastKnownFileType = sourcecode.swift;
			path = PhotoSaveRoute.swift;
			sourceTree = "<group>";
		};
		14A0916FEBAA6B9456896948 = {
			isa = PBXFileReference;
			lastKnownFileType = sourcecode.swift;
			path = ShareViewController.swift;
			sourceTree = "<group>";
		};
		187B91A2AF3B83DE5C37F6D1 = {
			isa = PBXFileReference;
			lastKnownFileType = sourcecode.swift;
			path = ImageCodec.swift;
			sourceTree = "<group>";
		};
		29EC731A038874C62206087F = {
			isa = PBXFileReference;
			lastKnownFileType = sourcecode.swift;
			path = SharePayload.swift;
			sourceTree = "<group>";
		};
		2A4975192FFD9F4B8BD29247 = {
			isa = PBXFileReference;
			lastKnownFileType = sourcecode.swift;
			path = EditorDocumentTests.swift;
			sourceTree = "<group>";
		};
		356963982FB09CC96956127F = {
			isa = PBXFileReference;
			lastKnownFileType = sourcecode.swift;
			path = MenuPopover.swift;
			sourceTree = "<group>";
		};
		40DD86579C029A9347B41188 = {
			isa = PBXFileReference;
			lastKnownFileType = sourcecode.swift;
			path = PhotoLibrarySaver.swift;
			sourceTree = "<group>";
		};
		42C48017731A4B4F71943446 = {
			isa = PBXFileReference;
			explicitFileType = wrapper.application;
			includeInIndex = 0;
			path = PrettyShotIOS.app;
			sourceTree = BUILT_PRODUCTS_DIR;
		};
		433ECE6F44DF17E1F44B7EE2 = {
			isa = PBXFileReference;
			lastKnownFileType = sourcecode.swift;
			path = PinWindow.swift;
			sourceTree = "<group>";
		};
		4DB99D78BD04E2D807FC8998 = {
			isa = PBXFileReference;
			lastKnownFileType = sourcecode.swift;
			path = IOSCopy.swift;
			sourceTree = "<group>";
		};
		52560578F5C1B9D6F7372997 = {
			isa = PBXFileReference;
			lastKnownFileType = sourcecode.swift;
			path = RendererTests.swift;
			sourceTree = "<group>";
		};
		52E7F7CCFBFE3A5E9C414ADE = {
			isa = PBXFileReference;
			lastKnownFileType = sourcecode.swift;
			path = EditorModel.swift;
			sourceTree = "<group>";
		};
		573305E33536163A2DC41A68 = {
			isa = PBXFileReference;
			lastKnownFileType = folder.assetcatalog;
			path = Assets.xcassets;
			sourceTree = "<group>";
		};
		5A9656FABDC229AEC471389F = {
			isa = PBXFileReference;
			lastKnownFileType = text.xcconfig;
			path = Handoff.xcconfig;
			sourceTree = "<group>";
		};
		5B2568BFE8791EA200400B21 = {
			isa = PBXFileReference;
			lastKnownFileType = sourcecode.swift;
			path = StatusBarCrop.swift;
			sourceTree = "<group>";
		};
		5C99E4A254D82F4E3EC24FB9 = {
			isa = PBXFileReference;
			lastKnownFileType = sourcecode.swift;
			path = HistoryView.swift;
			sourceTree = "<group>";
		};
		5CDCED80B6B1C073E41516DC = {
			isa = PBXFileReference;
			explicitFileType = wrapper.cfbundle;
			includeInIndex = 0;
			path = PrettyShotIOSTests.xctest;
			sourceTree = BUILT_PRODUCTS_DIR;
		};
		5E8F510D70A1DD35880BEDFB = {
			isa = PBXFileReference;
			lastKnownFileType = sourcecode.swift;
			path = ShareFlowView.swift;
			sourceTree = "<group>";
		};
		60B630D5BC2966026AEB73B1 = {
			isa = PBXFileReference;
			lastKnownFileType = sourcecode.swift;
			path = ShareFidelity.swift;
			sourceTree = "<group>";
		};
		65130DA4FE87A4593075136C = {
			isa = PBXFileReference;
			explicitFileType = wrapper.cfbundle;
			includeInIndex = 0;
			path = PrettyShotTests.xctest;
			sourceTree = BUILT_PRODUCTS_DIR;
		};
		662CD748C31AFE5840D9B2B4 = {
			isa = PBXFileReference;
			explicitFileType = wrapper.application;
			includeInIndex = 0;
			path = PrettyShot.app;
			sourceTree = BUILT_PRODUCTS_DIR;
		};
		670C0A67285F4191A98E7296 = {
			isa = PBXFileReference;
			lastKnownFileType = sourcecode.swift;
			path = PrettyShotApp.swift;
			sourceTree = "<group>";
		};
		6AD63C3EE6A16DAEB7033251 = {
			isa = PBXFileReference;
			lastKnownFileType = sourcecode.swift;
			path = Toast.swift;
			sourceTree = "<group>";
		};
		6B267F5E1A63342993777D51 = {
			isa = PBXFileReference;
			lastKnownFileType = sourcecode.swift;
			path = CaptureGeometryTests.swift;
			sourceTree = "<group>";
		};
		6C81B0B124C6A64E1EF69075 = {
			isa = PBXFileReference;
			lastKnownFileType = sourcecode.swift;
			path = QuickOverlay.swift;
			sourceTree = "<group>";
		};
		6F6E26C7377BB0825D6136A9 = {
			isa = PBXFileReference;
			lastKnownFileType = text.plist.entitlements;
			path = PrettyShotShare.entitlements;
			sourceTree = "<group>";
		};
		7123C28BA8A9222C8D482436 = {
			isa = PBXFileReference;
			lastKnownFileType = text.plist.entitlements;
			path = PrettyShotIOS.entitlements;
			sourceTree = "<group>";
		};
		71677A0DEB7A87DA40A920F7 = {
			isa = PBXFileReference;
			lastKnownFileType = sourcecode.swift;
			path = EditorScreen.swift;
			sourceTree = "<group>";
		};
		787C31AD71054E7AF540E367 = {
			isa = PBXFileReference;
			lastKnownFileType = sourcecode.swift;
			path = HistoryStore.swift;
			sourceTree = "<group>";
		};
		78BC6A6F439B56941B677FD5 = {
			isa = PBXFileReference;
			lastKnownFileType = net.daringfireball.markdown;
			path = README.md;
			sourceTree = "<group>";
		};
		7BC7E95C1528B971CA3BA5ED = {
			isa = PBXFileReference;
			lastKnownFileType = sourcecode.swift;
			path = EditorWindowController.swift;
			sourceTree = "<group>";
		};
		7F714BFD4A534560D5AB827B = {
			isa = PBXFileReference;
			lastKnownFileType = sourcecode.swift;
			path = ScrollCaptureGlue.swift;
			sourceTree = "<group>";
		};
		7FA019032B0F80521E3D396E = {
			isa = PBXFileReference;
			lastKnownFileType = sourcecode.swift;
			path = Renderer.swift;
			sourceTree = "<group>";
		};
		8138026CAA5EDBADF3A45420 = {
			isa = PBXFileReference;
			lastKnownFileType = sourcecode.swift;
			path = PermissionManager.swift;
			sourceTree = "<group>";
		};
		845992FB025C1C572C3EBD00 = {
			isa = PBXFileReference;
			lastKnownFileType = sourcecode.swift;
			path = PermissionView.swift;
			sourceTree = "<group>";
		};
		8AD45DAC24F4F6234A3D6148 = {
			isa = PBXFileReference;
			lastKnownFileType = sourcecode.swift;
			path = HotkeyManager.swift;
			sourceTree = "<group>";
		};
		884545027A4A93EBE8949EED = {
			isa = PBXFileReference;
			lastKnownFileType = sourcecode.swift;
			path = StitchBottomBarView.swift;
			sourceTree = "<group>";
		};
		8D9F7EF34BB42DB6054DCB61 = {
			isa = PBXFileReference;
			lastKnownFileType = sourcecode.swift;
			path = StitchScreen.swift;
			sourceTree = "<group>";
		};
		8EFDBF451B5ACD71367EDA08 = {
			isa = PBXFileReference;
			lastKnownFileType = sourcecode.swift;
			path = PrettyShotIOSApp.swift;
			sourceTree = "<group>";
		};
		90D0F7B1F5AFA820BE86C21A = {
			isa = PBXFileReference;
			lastKnownFileType = net.daringfireball.markdown;
			path = DEVIATIONS.md;
			sourceTree = "<group>";
		};
		920C5D19133348D51C686347 = {
			isa = PBXFileReference;
			lastKnownFileType = sourcecode.swift;
			path = EditorView.swift;
			sourceTree = "<group>";
		};
		990EC1215F39696F63A29C22 = {
			isa = PBXFileReference;
			lastKnownFileType = sourcecode.swift;
			path = ScrollStitcherTests.swift;
			sourceTree = "<group>";
		};
		99778EF723BB68487C3A24DD = {
			isa = PBXFileReference;
			lastKnownFileType = sourcecode.swift;
			path = ExtensionMemoryBudget.swift;
			sourceTree = "<group>";
		};
		9A30BEC597DD976595406E6F = {
			isa = PBXFileReference;
			lastKnownFileType = sourcecode.swift;
			path = BrandMark.swift;
			sourceTree = "<group>";
		};
		9D00959E0136C01C7D4F6375 = {
			isa = PBXFileReference;
			lastKnownFileType = sourcecode.swift;
			path = ShortcutRecorder.swift;
			sourceTree = "<group>";
		};
		A32EAC173147A355AA246014 = {
			isa = PBXFileReference;
			lastKnownFileType = sourcecode.swift;
			path = StitchBottomBar.swift;
			sourceTree = "<group>";
		};
		9E012D65F46757E4F099CA64 = {
			isa = PBXFileReference;
			lastKnownFileType = sourcecode.swift;
			path = StitchGate.swift;
			sourceTree = "<group>";
		};
		A489AE02B78633C1EAC0E15F = {
			isa = PBXFileReference;
			lastKnownFileType = sourcecode.swift;
			path = ScrollingCapture.swift;
			sourceTree = "<group>";
		};
		A82D2B178ECFA6EB359280E6 = {
			isa = PBXFileReference;
			lastKnownFileType = text;
			path = LICENSE;
			sourceTree = "<group>";
		};
		AED36A62FB3B05E8688DC85B = {
			isa = PBXFileReference;
			lastKnownFileType = sourcecode.swift;
			path = ShortcutTests.swift;
			sourceTree = "<group>";
		};
		B90F977C45CDB37808B862DE = {
			isa = PBXFileReference;
			lastKnownFileType = sourcecode.swift;
			path = Theme.swift;
			sourceTree = "<group>";
		};
		C3D167458642990FD52AEA35 = {
			isa = PBXFileReference;
			lastKnownFileType = sourcecode.swift;
			path = AppCoordinator.swift;
			sourceTree = "<group>";
		};
		C3FBC4CE5DACF98C03308180 = {
			isa = PBXFileReference;
			lastKnownFileType = sourcecode.swift;
			path = AppRootView.swift;
			sourceTree = "<group>";
		};
		C4683F753CEE272A9CD82FB6 = {
			isa = PBXFileReference;
			lastKnownFileType = sourcecode.swift;
			path = EditorDocument.swift;
			sourceTree = "<group>";
		};
		CEFD4DEA5D15012252E07229 = {
			isa = PBXFileReference;
			explicitFileType = "wrapper.app-extension";
			includeInIndex = 0;
			path = PrettyShotShare.appex;
			sourceTree = BUILT_PRODUCTS_DIR;
		};
		D0D343968069D3A3CC47FD72 = {
			isa = PBXFileReference;
			lastKnownFileType = sourcecode.swift;
			path = HistoryTests.swift;
			sourceTree = "<group>";
		};
		D36A97826476DF5DC307B83D = {
			isa = PBXFileReference;
			lastKnownFileType = sourcecode.swift;
			path = IOSSkeletonTests.swift;
			sourceTree = "<group>";
		};
		D3EA0EE4DA9657223E56BFD3 = {
			isa = PBXFileReference;
			lastKnownFileType = sourcecode.swift;
			path = ScreenCaptureService.swift;
			sourceTree = "<group>";
		};
		D7DD0A70A71481B02F2CBA43 = {
			isa = PBXFileReference;
			lastKnownFileType = sourcecode.swift;
			path = Theme.swift;
			sourceTree = "<group>";
		};
		D8D29A10A05AD03EA54F2899 = {
			isa = PBXFileReference;
			lastKnownFileType = sourcecode.swift;
			path = SettingsView.swift;
			sourceTree = "<group>";
		};
		DBC897134C734B2D9F3C02A4 = {
			isa = PBXFileReference;
			lastKnownFileType = sourcecode.swift;
			path = Annotation.swift;
			sourceTree = "<group>";
		};
		DD40DABA81D6796E54EA9DBD = {
			isa = PBXFileReference;
			lastKnownFileType = text.plist.xml;
			path = Info.plist;
			sourceTree = "<group>";
		};
		DF9F3D6B47356B3FC0345BBA = {
			isa = PBXFileReference;
			lastKnownFileType = sourcecode.swift;
			path = StitchPreview.swift;
			sourceTree = "<group>";
		};
		E52791757A2D876935E5D25C = {
			isa = PBXFileReference;
			lastKnownFileType = sourcecode.swift;
			path = Shortcut.swift;
			sourceTree = "<group>";
		};
		EC1C2ECD42F69BE4CD43D760 = {
			isa = PBXFileReference;
			lastKnownFileType = sourcecode.swift;
			path = CaptureSession.swift;
			sourceTree = "<group>";
		};
		F3FFB48B7093847BEF54DF45 = {
			isa = PBXFileReference;
			lastKnownFileType = text.plist.xml;
			path = Info.plist;
			sourceTree = "<group>";
		};
		F5D823DC374F25BC9B5B8EEF = {
			isa = PBXFileReference;
			lastKnownFileType = sourcecode.swift;
			path = HandoffStore.swift;
			sourceTree = "<group>";
		};
		F76C95108D24842533E0E923 = {
			isa = PBXFileReference;
			lastKnownFileType = sourcecode.swift;
			path = TestSupport.swift;
			sourceTree = "<group>";
		};
		F8AC1D0668F18B820EEBA181 = {
			isa = PBXFileReference;
			lastKnownFileType = sourcecode.swift;
			path = EditorCanvas.swift;
			sourceTree = "<group>";
		};
		FA5901AFC06B15351949052C = {
			isa = PBXFileReference;
			lastKnownFileType = sourcecode.swift;
			path = Preferences.swift;
			sourceTree = "<group>";
		};
/* End PBXFileReference section */

/* Begin PBXFrameworksBuildPhase section */
		06E8F84EF28E8CFDCAFE2E22 = {
			isa = PBXFrameworksBuildPhase;
			buildActionMask = 2147483647;
			files = (
				AE546E3F0DB4FA9DA6B23AE9,
			);
			runOnlyForDeploymentPostprocessing = 0;
		};
		5F43AC5C5922F44DDDD55F72 = {
			isa = PBXFrameworksBuildPhase;
			buildActionMask = 2147483647;
			files = (
				CFF980AC6DD09500BB7F1A0D,
			);
			runOnlyForDeploymentPostprocessing = 0;
		};
		61B191352AEEA7E21FA05BE6 = {
			isa = PBXFrameworksBuildPhase;
			buildActionMask = 2147483647;
			files = (
				F8617431E369E27D7B480397,
			);
			runOnlyForDeploymentPostprocessing = 0;
		};
		F6203CB78B62F38DFCC74867 = {
			isa = PBXFrameworksBuildPhase;
			buildActionMask = 2147483647;
			files = (
				0AC3DEEC3BA5C7DDC795D277,
			);
			runOnlyForDeploymentPostprocessing = 0;
		};
		F650EF2F63A64FF0A009B731 = {
			isa = PBXFrameworksBuildPhase;
			buildActionMask = 2147483647;
			files = (
				CD3B8785BC65548348651883,
			);
			runOnlyForDeploymentPostprocessing = 0;
		};
/* End PBXFrameworksBuildPhase section */

/* Begin PBXGroup section */
		11BEE5A6E8D9FE6C3480A4AE = {
			isa = PBXGroup;
			children = (
				074E8D4CFF83E3E58FE7D374,
				F3FFB48B7093847BEF54DF45,
			);
			path = Resources;
			sourceTree = "<group>";
		};
		1DA2D1C13C05E0C1106AB0F2 = {
			isa = PBXGroup;
			children = (
				8138026CAA5EDBADF3A45420,
				845992FB025C1C572C3EBD00,
			);
			path = Permissions;
			sourceTree = "<group>";
		};
		28F1AC3A6E82E183F4A6B583 = {
			isa = PBXGroup;
			children = (
				D36A97826476DF5DC307B83D,
			);
			path = PrettyShotIOSTests;
			sourceTree = "<group>";
		};
		2A44C54E23411059C3A1A1E1 = {
			isa = PBXGroup;
			children = (
				78BC6A6F439B56941B677FD5,
				90D0F7B1F5AFA820BE86C21A,
				A82D2B178ECFA6EB359280E6,
				C454D040CD38E05E387198F0,
				34B698648E92DF0F1D92597E,
				6A8B0C81EED960F900639FC7,
				4ACD947F1675D4209C689D5A,
				F9314189F10B2DA5CC5DFA2E,
				AB9C5336937D89836AF8F9D5,
				28F1AC3A6E82E183F4A6B583,
				C863DA5204F95EC573510473,
			);
			sourceTree = "<group>";
		};
		3215A562AD72A1B7B97EAD95 = {
			isa = PBXGroup;
			children = (
				DBC897134C734B2D9F3C02A4,
				F8AC1D0668F18B820EEBA181,
				C4683F753CEE272A9CD82FB6,
				920C5D19133348D51C686347,
				7BC7E95C1528B971CA3BA5ED,
				7FA019032B0F80521E3D396E,
			);
			path = Editor;
			sourceTree = "<group>";
		};
		34B698648E92DF0F1D92597E = {
			isa = PBXGroup;
			children = (
				0558E7168C9CC88F132FA1D4,
				6B267F5E1A63342993777D51,
				2A4975192FFD9F4B8BD29247,
				D0D343968069D3A3CC47FD72,
				52560578F5C1B9D6F7372997,
				990EC1215F39696F63A29C22,
				AED36A62FB3B05E8688DC85B,
				F76C95108D24842533E0E923,
			);
			path = PrettyShotTests;
			sourceTree = "<group>";
		};
		34BB81534BEA9391B82A3FE5 = {
			isa = PBXGroup;
			children = (
				6C81B0B124C6A64E1EF69075,
			);
			path = Overlay;
			sourceTree = "<group>";
		};
		4ACD947F1675D4209C689D5A = {
			isa = PBXGroup;
			children = (
				52E7F7CCFBFE3A5E9C414ADE,
				71677A0DEB7A87DA40A920F7,
				40DD86579C029A9347B41188,
				5E8F510D70A1DD35880BEDFB,
				8D9F7EF34BB42DB6054DCB61,
				884545027A4A93EBE8949EED,
				D7DD0A70A71481B02F2CBA43,
			);
			path = PrettyShotIOSUI;
			sourceTree = "<group>";
		};
		4EA2BB8979C0E6AC8CF73388 = {
			isa = PBXGroup;
			children = (
				787C31AD71054E7AF540E367,
				5C99E4A254D82F4E3EC24FB9,
			);
			path = History;
			sourceTree = "<group>";
		};
		604EC9BD16B29700EAC1EC9F = {
			isa = PBXGroup;
			children = (
				D8D29A10A05AD03EA54F2899,
			);
			path = Settings;
			sourceTree = "<group>";
		};
		6A8B0C81EED960F900639FC7 = {
			isa = PBXGroup;
			children = (
				99778EF723BB68487C3A24DD,
				F5D823DC374F25BC9B5B8EEF,
				4DB99D78BD04E2D807FC8998,
				135B5794454AF9FABF050BF0,
				60B630D5BC2966026AEB73B1,
				29EC731A038874C62206087F,
				5B2568BFE8791EA200400B21,
				9E012D65F46757E4F099CA64,
				A32EAC173147A355AA246014,
			);
			path = PrettyShotIOSKit;
			sourceTree = "<group>";
		};
		6AA1FA958FD909308C312142 = {
			isa = PBXGroup;
			children = (
				8AD45DAC24F4F6234A3D6148,
				E52791757A2D876935E5D25C,
				9D00959E0136C01C7D4F6375,
			);
			path = Hotkeys;
			sourceTree = "<group>";
		};
		70650BE0AADFAC159AD738C8 = {
			isa = PBXGroup;
			children = (
				C3D167458642990FD52AEA35,
				356963982FB09CC96956127F,
				670C0A67285F4191A98E7296,
			);
			path = App;
			sourceTree = "<group>";
		};
		AB9C5336937D89836AF8F9D5 = {
			isa = PBXGroup;
			children = (
				5A9656FABDC229AEC471389F,
				DD40DABA81D6796E54EA9DBD,
				6F6E26C7377BB0825D6136A9,
				14A0916FEBAA6B9456896948,
			);
			path = PrettyShotShare;
			sourceTree = "<group>";
		};
		C454D040CD38E05E387198F0 = {
			isa = PBXGroup;
			children = (
				70650BE0AADFAC159AD738C8,
				F4A670D0F1C5C2C78AF2C75D,
				3215A562AD72A1B7B97EAD95,
				4EA2BB8979C0E6AC8CF73388,
				6AA1FA958FD909308C312142,
				34BB81534BEA9391B82A3FE5,
				1DA2D1C13C05E0C1106AB0F2,
				CDAE2DFCE623EFD7E6D83305,
				11BEE5A6E8D9FE6C3480A4AE,
				604EC9BD16B29700EAC1EC9F,
				D94CDF1539ED4E5E4DBE02E6,
			);
			path = PrettyShot;
			sourceTree = "<group>";
		};
		C863DA5204F95EC573510473 = {
			isa = PBXGroup;
			children = (
				662CD748C31AFE5840D9B2B4,
				65130DA4FE87A4593075136C,
				42C48017731A4B4F71943446,
				CEFD4DEA5D15012252E07229,
				5CDCED80B6B1C073E41516DC,
			);
			name = Products;
			sourceTree = "<group>";
		};
		CDAE2DFCE623EFD7E6D83305 = {
			isa = PBXGroup;
			children = (
				433ECE6F44DF17E1F44B7EE2,
			);
			path = Pin;
			sourceTree = "<group>";
		};
		D94CDF1539ED4E5E4DBE02E6 = {
			isa = PBXGroup;
			children = (
				9A30BEC597DD976595406E6F,
				187B91A2AF3B83DE5C37F6D1,
				FA5901AFC06B15351949052C,
				B90F977C45CDB37808B862DE,
				6AD63C3EE6A16DAEB7033251,
			);
			path = Support;
			sourceTree = "<group>";
		};
		F4A670D0F1C5C2C78AF2C75D = {
			isa = PBXGroup;
			children = (
				EC1C2ECD42F69BE4CD43D760,
				D3EA0EE4DA9657223E56BFD3,
				7F714BFD4A534560D5AB827B,
				A489AE02B78633C1EAC0E15F,
				DF9F3D6B47356B3FC0345BBA,
				069BF8018D99E7006B7E1809,
			);
			path = Capture;
			sourceTree = "<group>";
		};
		F9314189F10B2DA5CC5DFA2E = {
			isa = PBXGroup;
			children = (
				C3FBC4CE5DACF98C03308180,
				573305E33536163A2DC41A68,
				03F7D58B23001A083BC52C6A,
				0DF6B34D1BE16F6C82431D44,
				7123C28BA8A9222C8D482436,
				8EFDBF451B5ACD71367EDA08,
			);
			path = PrettyShotIOS;
			sourceTree = "<group>";
		};
/* End PBXGroup section */

/* Begin PBXNativeTarget section */
		6388C3A9559C7543B8886575 = {
			isa = PBXNativeTarget;
			buildConfigurationList = 40D16A87B43A1D63D79B92FE;
			buildPhases = (
				F3B67929C83324AA760560EF,
				F650EF2F63A64FF0A009B731,
				8360422A7B756E53E7940489,
			);
			buildRules = (
			);
			dependencies = (
				1FA20F41D0F7F249FC8EA9EF,
			);
			name = PrettyShotTests;
			packageProductDependencies = (
				4FFD0B4253A25343C4C7A949,
			);
			productName = PrettyShotTests;
			productReference = 65130DA4FE87A4593075136C;
			productType = "com.apple.product-type.bundle.unit-test";
		};
		79B94081DAAB90A25352BF03 = {
			isa = PBXNativeTarget;
			buildConfigurationList = 609E4A96BEABCDE6609ECFD2;
			buildPhases = (
				3F4B4A161E1292225EDA7121,
				61B191352AEEA7E21FA05BE6,
				16E3AF2C5CC7A9B7275A38B4,
			);
			buildRules = (
			);
			dependencies = (
				F4FB53CF9831D14122D5D631,
			);
			name = PrettyShotIOSTests;
			packageProductDependencies = (
				769FCFDB80DBC1CB2939A25B,
			);
			productName = PrettyShotIOSTests;
			productReference = 5CDCED80B6B1C073E41516DC;
			productType = "com.apple.product-type.bundle.unit-test";
		};
		AF8C5571E67ED7DA244F9FB3 = {
			isa = PBXNativeTarget;
			buildConfigurationList = 7496E889BDB901F07E08F130;
			buildPhases = (
				AB316A0282D2BA5BE43C0CA5,
				F6203CB78B62F38DFCC74867,
				079E77EF462D22C980CC0459,
			);
			buildRules = (
			);
			dependencies = (
			);
			name = PrettyShot;
			packageProductDependencies = (
				8E2055DF5028DDA24BEF8208,
			);
			productName = PrettyShot;
			productReference = 662CD748C31AFE5840D9B2B4;
			productType = "com.apple.product-type.application";
		};
		AFD30DA8D453A2B5EF88A0F2 = {
			isa = PBXNativeTarget;
			buildConfigurationList = 08C46AB8893E800C5272959A;
			buildPhases = (
				47A8A637577D48EB78F3C3BA,
				5F43AC5C5922F44DDDD55F72,
				398936CC36D380479D45FBB8,
				3F56069A7D6F2AD8F51B6B4A,
			);
			buildRules = (
			);
			dependencies = (
				97050932FEB7557C318973C6,
			);
			name = PrettyShotIOS;
			packageProductDependencies = (
				11EF1E7245233D20C059D7AE,
			);
			productName = PrettyShotIOS;
			productReference = 42C48017731A4B4F71943446;
			productType = "com.apple.product-type.application";
		};
		B90220CD446E942616DF7445 = {
			isa = PBXNativeTarget;
			buildConfigurationList = 2933526CFEF1680C76670E5A;
			buildPhases = (
				FAFFAF846182F8D7B54579CC,
				06E8F84EF28E8CFDCAFE2E22,
				DF89A5C4881B3ACA92CF37B0,
			);
			buildRules = (
			);
			dependencies = (
			);
			name = PrettyShotShare;
			packageProductDependencies = (
				9CD6581BAE1CA10542A44723,
			);
			productName = PrettyShotShare;
			productReference = CEFD4DEA5D15012252E07229;
			productType = "com.apple.product-type.app-extension";
		};
/* End PBXNativeTarget section */

/* Begin PBXProject section */
		46F86FAA6BBF9AC94A7E4595 = {
			isa = PBXProject;
			attributes = {
				BuildIndependentTargetsInParallel = 1;
				LastSwiftUpdateCheck = 1540;
				LastUpgradeCheck = 1540;
				TargetAttributes = {
					AF8C5571E67ED7DA244F9FB3 = {
						CreatedOnToolsVersion = 15.4;
					};
					6388C3A9559C7543B8886575 = {
						CreatedOnToolsVersion = 15.4;
						TestTargetID = AF8C5571E67ED7DA244F9FB3;
					};
					AFD30DA8D453A2B5EF88A0F2 = {
						CreatedOnToolsVersion = 15.4;
					};
					B90220CD446E942616DF7445 = {
						CreatedOnToolsVersion = 15.4;
					};
					79B94081DAAB90A25352BF03 = {
						CreatedOnToolsVersion = 15.4;
						TestTargetID = AFD30DA8D453A2B5EF88A0F2;
					};
				};
			};
			buildConfigurationList = 887D4B5F61EA6AAAF609F3AC;
			compatibilityVersion = "Xcode 14.0";
			developmentRegion = en;
			hasScannedForEncodings = 0;
			knownRegions = (
				en,
				Base,
				"zh-Hans",
			);
			mainGroup = 2A44C54E23411059C3A1A1E1;
			packageReferences = (
				BA56B22DEB61CA62FCC044A6,
			);
			productRefGroup = C863DA5204F95EC573510473;
			projectDirPath = "";
			projectRoot = "";
			targets = (
				AF8C5571E67ED7DA244F9FB3,
				6388C3A9559C7543B8886575,
				AFD30DA8D453A2B5EF88A0F2,
				B90220CD446E942616DF7445,
				79B94081DAAB90A25352BF03,
			);
		};
/* End PBXProject section */

/* Begin PBXResourcesBuildPhase section */
		079E77EF462D22C980CC0459 = {
			isa = PBXResourcesBuildPhase;
			buildActionMask = 2147483647;
			files = (
				E1706D0BC346F78250494B11,
			);
			runOnlyForDeploymentPostprocessing = 0;
		};
		16E3AF2C5CC7A9B7275A38B4 = {
			isa = PBXResourcesBuildPhase;
			buildActionMask = 2147483647;
			files = (
			);
			runOnlyForDeploymentPostprocessing = 0;
		};
		398936CC36D380479D45FBB8 = {
			isa = PBXResourcesBuildPhase;
			buildActionMask = 2147483647;
			files = (
				ADA084024E482507C50A7E48,
			);
			runOnlyForDeploymentPostprocessing = 0;
		};
		8360422A7B756E53E7940489 = {
			isa = PBXResourcesBuildPhase;
			buildActionMask = 2147483647;
			files = (
			);
			runOnlyForDeploymentPostprocessing = 0;
		};
		DF89A5C4881B3ACA92CF37B0 = {
			isa = PBXResourcesBuildPhase;
			buildActionMask = 2147483647;
			files = (
			);
			runOnlyForDeploymentPostprocessing = 0;
		};
/* End PBXResourcesBuildPhase section */

/* Begin PBXSourcesBuildPhase section */
		3F4B4A161E1292225EDA7121 = {
			isa = PBXSourcesBuildPhase;
			buildActionMask = 2147483647;
			files = (
				BBF6F01F63A34D0AD42E9E3B,
			);
			runOnlyForDeploymentPostprocessing = 0;
		};
		47A8A637577D48EB78F3C3BA = {
			isa = PBXSourcesBuildPhase;
			buildActionMask = 2147483647;
			files = (
				01EC79B68740FB25E2D855C3,
				86D5C0068BD85348CA28C33E,
				ECBE8F64608460511D66A392,
				E9F2A1F61438AB5B374855DB,
				D29C4AAA28EC92F4DFAB3A59,
				DD607B76EC4D25BF6BC3337E,
				DBCBCBC2DAE9C78524895908,
				EBA33F6231A119FD9FB6A142,
				5977A2949B48F8F5AEE1849F,
				C81BB9F064D601AEE977136E,
				C0E817006E8F5A8554F6A779,
				DE7E12EC082F90ECB72921B2,
				23EB6310B3C3E37F87C48FF7,
				098EB45F9B9420CDC83E8E04,
				03883894BBF1AE29F42B4D2D,
				C7452B2CD6EE823ACC42F10D,
				CE86D527A3C3D39262FF0006,
				096F4183C56C9E943DB30F50,
			);
			runOnlyForDeploymentPostprocessing = 0;
		};
		AB316A0282D2BA5BE43C0CA5 = {
			isa = PBXSourcesBuildPhase;
			buildActionMask = 2147483647;
			files = (
				E8A8F57820D2E9AFA954F1D4,
				ECDA89DC805C16216CEE4239,
				807F140ED71A2CCD466CFB96,
				4258839F5A29D825AE5B9FAC,
				24CC7979DC1D6DD301A5CBBB,
				81AA448E16013E443F054C03,
				C271682049BABF0C24323592,
				51FB713B87DE914B2C655C88,
				9A99753F92E4BEDDE7D15E4C,
				04BD982B535C5E1D9D1FF200,
				702B9467B53C9AEB3D54E584,
				DB2CF1F88FA858A2258C1CC6,
				A5B08CA1047B1DBA03DACAC9,
				0507F99B4884309B7CFF2C5C,
				47B41E103578C4772AB05845,
				6D9A210BE43B4216889BBF41,
				C9FE3B8B3BB52EFF43401B22,
				86BA0FFD74A4773F691C9751,
				3C5087748CFF3B715AD6CECE,
				169F0F89A9FB98991CA2D0D4,
				29BE578897075D07E3A3FBC1,
				7C401FE3A5E7DCD9062A19DA,
				363785D1B80AC7F5E90B6482,
				BE66F4EA74770BF8242B24E5,
				6FDCC648EFC75DED3C1808FB,
				8373A044F529161D641C79A1,
				96CD47ED2E8A86BFED785C16,
				87A3FE4F8E1AF2D84206B46E,
				5D84D885D4E35CD62989427E,
				94BF62E5113FDE160442A2AD,
			);
			runOnlyForDeploymentPostprocessing = 0;
		};
		F3B67929C83324AA760560EF = {
			isa = PBXSourcesBuildPhase;
			buildActionMask = 2147483647;
			files = (
				EC2B5BB7B774EEEEFAA01175,
				9CE3DC85ED4DF02337E0317A,
				5775DBD34590FE86542E9520,
				E2B09302BFE6201D0E119EBE,
				79F09BF3C5D5456186EECEF8,
				3063DB780D8B79EFCBE9FADE,
				82D06AA773806FC09C30243B,
				A603EF62DE40A87260876E77,
			);
			runOnlyForDeploymentPostprocessing = 0;
		};
		FAFFAF846182F8D7B54579CC = {
			isa = PBXSourcesBuildPhase;
			buildActionMask = 2147483647;
			files = (
				5852E762ED8B58F790B11FF9,
				47B9CCEB21CB555CE65C9B1C,
				2E4B922F6EB21476498ABC14,
				1F20B666EC18CE8BFD2F96C0,
				6D5EA9789E8C4CE99B207E0E,
				EFED1E2DF25702BD2C719B39,
				B5A7C5B7C09C1F6069ACA1B6,
				DC87B12574CDDEB038A3EA9B,
				9A2992ACF0B1E660D0745D93,
				0BDEEA2126D16B79B388B6E8,
				58BCFD9CC6D1EE5D78AB27D6,
				551895C64DD6B703CC749386,
				986027CEF0A71B450A65BFAD,
				45BA357AD144B00528FD31BE,
				A289CE6CDB6BA6628301FA1C,
				83C7435F66CEAB7AD741A3BC,
				283D4B640FE3198BB427F2C8,
			);
			runOnlyForDeploymentPostprocessing = 0;
		};
/* End PBXSourcesBuildPhase section */

/* Begin PBXTargetDependency section */
		1FA20F41D0F7F249FC8EA9EF = {
			isa = PBXTargetDependency;
			target = AF8C5571E67ED7DA244F9FB3;
			targetProxy = 992D2B9F88B9E50B27D755B8;
		};
		97050932FEB7557C318973C6 = {
			isa = PBXTargetDependency;
			target = B90220CD446E942616DF7445;
			targetProxy = FFF44602CD84F5803FAFCFF4;
		};
		F4FB53CF9831D14122D5D631 = {
			isa = PBXTargetDependency;
			target = AFD30DA8D453A2B5EF88A0F2;
			targetProxy = 8E88969AE44D8F2781D0CDC1;
		};
/* End PBXTargetDependency section */

/* Begin XCBuildConfiguration section */
		44D8EAF50E38D1FC6628D048 = {
			isa = XCBuildConfiguration;
			baseConfigurationReference = 03F7D58B23001A083BC52C6A;
			buildSettings = {
				BUNDLE_LOADER = "$(TEST_HOST)";
				CODE_SIGN_STYLE = Automatic;
				CURRENT_PROJECT_VERSION = 1;
				DEVELOPMENT_TEAM = "";
				GENERATE_INFOPLIST_FILE = YES;
				IPHONEOS_DEPLOYMENT_TARGET = 17.0;
				MARKETING_VERSION = 0.1.0;
				PRODUCT_BUNDLE_IDENTIFIER = app.prettyshot.ios.tests;
				PRODUCT_NAME = "$(TARGET_NAME)";
				SDKROOT = iphoneos;
				SUPPORTED_PLATFORMS = "iphoneos iphonesimulator";
				SUPPORTS_MACCATALYST = NO;
				SUPPORTS_MAC_DESIGNED_FOR_IPHONE_IPAD = NO;
				SUPPORTS_XR_DESIGNED_FOR_IPHONE_IPAD = NO;
				SWIFT_ACTIVE_COMPILATION_CONDITIONS = "$(inherited) $(PRETTYSHOT_HANDOFF_CONDITION)";
				SWIFT_EMIT_LOC_STRINGS = NO;
				SWIFT_VERSION = 5.0;
				TARGETED_DEVICE_FAMILY = 1;
				TEST_HOST = "$(BUILT_PRODUCTS_DIR)/PrettyShotIOS.app/PrettyShotIOS";
			};
			name = Release;
		};
		8D12110E96E2948BAD322322 = {
			isa = XCBuildConfiguration;
			baseConfigurationReference = 5A9656FABDC229AEC471389F;
			buildSettings = {
				CODE_SIGN_STYLE = Automatic;
				CURRENT_PROJECT_VERSION = 1;
				DEVELOPMENT_TEAM = "";
				GENERATE_INFOPLIST_FILE = NO;
				INFOPLIST_FILE = PrettyShotShare/Info.plist;
				IPHONEOS_DEPLOYMENT_TARGET = 17.0;
				LD_RUNPATH_SEARCH_PATHS = (
					"$(inherited)",
					"@executable_path/Frameworks",
					"@executable_path/../../Frameworks",
				);
				MARKETING_VERSION = 0.1.0;
				PRODUCT_BUNDLE_IDENTIFIER = app.prettyshot.ios.share;
				PRODUCT_NAME = "$(TARGET_NAME)";
				SDKROOT = iphoneos;
				SKIP_INSTALL = YES;
				SUPPORTED_PLATFORMS = "iphoneos iphonesimulator";
				SUPPORTS_MACCATALYST = NO;
				SUPPORTS_MAC_DESIGNED_FOR_IPHONE_IPAD = NO;
				SUPPORTS_XR_DESIGNED_FOR_IPHONE_IPAD = NO;
				SWIFT_ACTIVE_COMPILATION_CONDITIONS = "$(inherited) $(PRETTYSHOT_HANDOFF_CONDITION)";
				SWIFT_EMIT_LOC_STRINGS = YES;
				SWIFT_VERSION = 5.0;
				TARGETED_DEVICE_FAMILY = 1;
			};
			name = Debug;
		};
		9FCE7581A1B306CB1C9D5528 = {
			isa = XCBuildConfiguration;
			baseConfigurationReference = 03F7D58B23001A083BC52C6A;
			buildSettings = {
				ASSETCATALOG_COMPILER_GLOBAL_ACCENT_COLOR_NAME = AccentColor;
				CODE_SIGN_STYLE = Automatic;
				CURRENT_PROJECT_VERSION = 1;
				DEVELOPMENT_TEAM = "";
				GENERATE_INFOPLIST_FILE = NO;
				INFOPLIST_FILE = PrettyShotIOS/Info.plist;
				IPHONEOS_DEPLOYMENT_TARGET = 17.0;
				LD_RUNPATH_SEARCH_PATHS = (
					"$(inherited)",
					"@executable_path/Frameworks",
				);
				MARKETING_VERSION = 0.1.0;
				PRODUCT_BUNDLE_IDENTIFIER = app.prettyshot.ios;
				PRODUCT_NAME = "$(TARGET_NAME)";
				SDKROOT = iphoneos;
				SUPPORTED_PLATFORMS = "iphoneos iphonesimulator";
				SUPPORTS_MACCATALYST = NO;
				SUPPORTS_MAC_DESIGNED_FOR_IPHONE_IPAD = NO;
				SUPPORTS_XR_DESIGNED_FOR_IPHONE_IPAD = NO;
				SWIFT_ACTIVE_COMPILATION_CONDITIONS = "$(inherited) $(PRETTYSHOT_HANDOFF_CONDITION)";
				SWIFT_EMIT_LOC_STRINGS = YES;
				SWIFT_VERSION = 5.0;
				TARGETED_DEVICE_FAMILY = 1;
			};
			name = Release;
		};
		A1FEF218C4C57CE118AD5A8A = {
			isa = XCBuildConfiguration;
			buildSettings = {
				ALWAYS_SEARCH_USER_PATHS = NO;
				ASSETCATALOG_COMPILER_GENERATE_SWIFT_ASSET_SYMBOL_EXTENSIONS = YES;
				CLANG_ANALYZER_NONNULL = YES;
				CLANG_CXX_LANGUAGE_STANDARD = "gnu++20";
				CLANG_ENABLE_MODULES = YES;
				CLANG_ENABLE_OBJC_ARC = YES;
				CLANG_WARN_DOCUMENTATION_COMMENTS = YES;
				CLANG_WARN_UNGUARDED_AVAILABILITY = YES_AGGRESSIVE;
				COPY_PHASE_STRIP = NO;
				DEBUG_INFORMATION_FORMAT = dwarf;
				ENABLE_STRICT_OBJC_MSGSEND = YES;
				ENABLE_TESTABILITY = YES;
				ENABLE_USER_SCRIPT_SANDBOXING = YES;
				GCC_C_LANGUAGE_STANDARD = gnu17;
				GCC_DYNAMIC_NO_PIC = NO;
				GCC_NO_COMMON_BLOCKS = YES;
				GCC_OPTIMIZATION_LEVEL = 0;
				GCC_PREPROCESSOR_DEFINITIONS = (
					"DEBUG=1",
					"$(inherited)",
				);
				GCC_WARN_64_TO_32_BIT_CONVERSION = YES;
				GCC_WARN_UNDECLARED_SELECTOR = YES;
				GCC_WARN_UNUSED_FUNCTION = YES;
				GCC_WARN_UNUSED_VARIABLE = YES;
				LOCALIZATION_PREFERS_STRING_CATALOGS = YES;
				MACOSX_DEPLOYMENT_TARGET = 14.0;
				MTL_ENABLE_DEBUG_INFO = INCLUDE_SOURCE;
				MTL_FAST_MATH = YES;
				ONLY_ACTIVE_ARCH = YES;
				SDKROOT = macosx;
				SWIFT_ACTIVE_COMPILATION_CONDITIONS = "DEBUG $(inherited)";
				SWIFT_OPTIMIZATION_LEVEL = "-Onone";
			};
			name = Debug;
		};
		BDBBF054250C4714F8FCC890 = {
			isa = XCBuildConfiguration;
			baseConfigurationReference = 5A9656FABDC229AEC471389F;
			buildSettings = {
				CODE_SIGN_STYLE = Automatic;
				CURRENT_PROJECT_VERSION = 1;
				DEVELOPMENT_TEAM = "";
				GENERATE_INFOPLIST_FILE = NO;
				INFOPLIST_FILE = PrettyShotShare/Info.plist;
				IPHONEOS_DEPLOYMENT_TARGET = 17.0;
				LD_RUNPATH_SEARCH_PATHS = (
					"$(inherited)",
					"@executable_path/Frameworks",
					"@executable_path/../../Frameworks",
				);
				MARKETING_VERSION = 0.1.0;
				PRODUCT_BUNDLE_IDENTIFIER = app.prettyshot.ios.share;
				PRODUCT_NAME = "$(TARGET_NAME)";
				SDKROOT = iphoneos;
				SKIP_INSTALL = YES;
				SUPPORTED_PLATFORMS = "iphoneos iphonesimulator";
				SUPPORTS_MACCATALYST = NO;
				SUPPORTS_MAC_DESIGNED_FOR_IPHONE_IPAD = NO;
				SUPPORTS_XR_DESIGNED_FOR_IPHONE_IPAD = NO;
				SWIFT_ACTIVE_COMPILATION_CONDITIONS = "$(inherited) $(PRETTYSHOT_HANDOFF_CONDITION)";
				SWIFT_EMIT_LOC_STRINGS = YES;
				SWIFT_VERSION = 5.0;
				TARGETED_DEVICE_FAMILY = 1;
			};
			name = Release;
		};
		BF238D071D31888A21B417A6 = {
			isa = XCBuildConfiguration;
			buildSettings = {
				ASSETCATALOG_COMPILER_APPICON_NAME = AppIcon;
				ASSETCATALOG_COMPILER_GLOBAL_ACCENT_COLOR_NAME = AccentColor;
				CODE_SIGN_IDENTITY = "PrettyShot Local";
				CODE_SIGN_STYLE = Manual;
				COMBINE_HIDPI_IMAGES = YES;
				CURRENT_PROJECT_VERSION = 1;
				DEVELOPMENT_TEAM = "";
				ENABLE_HARDENED_RUNTIME = YES;
				GENERATE_INFOPLIST_FILE = NO;
				INFOPLIST_FILE = PrettyShot/Resources/Info.plist;
				LD_RUNPATH_SEARCH_PATHS = (
					"$(inherited)",
					"@executable_path/../Frameworks",
				);
				MARKETING_VERSION = 0.1.0;
				PRODUCT_BUNDLE_IDENTIFIER = app.prettyshot.PrettyShot;
				PRODUCT_NAME = "$(TARGET_NAME)";
				SWIFT_EMIT_LOC_STRINGS = YES;
				SWIFT_VERSION = 5.0;
			};
			name = Release;
		};
		D49EF4AC7029FD1A8C1140E0 = {
			isa = XCBuildConfiguration;
			buildSettings = {
				ALWAYS_SEARCH_USER_PATHS = NO;
				ASSETCATALOG_COMPILER_GENERATE_SWIFT_ASSET_SYMBOL_EXTENSIONS = YES;
				CLANG_ANALYZER_NONNULL = YES;
				CLANG_CXX_LANGUAGE_STANDARD = "gnu++20";
				CLANG_ENABLE_MODULES = YES;
				CLANG_ENABLE_OBJC_ARC = YES;
				CLANG_WARN_DOCUMENTATION_COMMENTS = YES;
				CLANG_WARN_UNGUARDED_AVAILABILITY = YES_AGGRESSIVE;
				COPY_PHASE_STRIP = NO;
				DEBUG_INFORMATION_FORMAT = "dwarf-with-dsym";
				ENABLE_NS_ASSERTIONS = NO;
				ENABLE_STRICT_OBJC_MSGSEND = YES;
				ENABLE_USER_SCRIPT_SANDBOXING = YES;
				GCC_C_LANGUAGE_STANDARD = gnu17;
				GCC_NO_COMMON_BLOCKS = YES;
				GCC_WARN_64_TO_32_BIT_CONVERSION = YES;
				GCC_WARN_UNDECLARED_SELECTOR = YES;
				GCC_WARN_UNUSED_FUNCTION = YES;
				GCC_WARN_UNUSED_VARIABLE = YES;
				LOCALIZATION_PREFERS_STRING_CATALOGS = YES;
				MACOSX_DEPLOYMENT_TARGET = 14.0;
				MTL_ENABLE_DEBUG_INFO = NO;
				MTL_FAST_MATH = YES;
				SDKROOT = macosx;
				SWIFT_COMPILATION_MODE = wholemodule;
			};
			name = Release;
		};
		E0F26A6934A00C2A6196B474 = {
			isa = XCBuildConfiguration;
			baseConfigurationReference = 03F7D58B23001A083BC52C6A;
			buildSettings = {
				ASSETCATALOG_COMPILER_GLOBAL_ACCENT_COLOR_NAME = AccentColor;
				CODE_SIGN_STYLE = Automatic;
				CURRENT_PROJECT_VERSION = 1;
				DEVELOPMENT_TEAM = "";
				GENERATE_INFOPLIST_FILE = NO;
				INFOPLIST_FILE = PrettyShotIOS/Info.plist;
				IPHONEOS_DEPLOYMENT_TARGET = 17.0;
				LD_RUNPATH_SEARCH_PATHS = (
					"$(inherited)",
					"@executable_path/Frameworks",
				);
				MARKETING_VERSION = 0.1.0;
				PRODUCT_BUNDLE_IDENTIFIER = app.prettyshot.ios;
				PRODUCT_NAME = "$(TARGET_NAME)";
				SDKROOT = iphoneos;
				SUPPORTED_PLATFORMS = "iphoneos iphonesimulator";
				SUPPORTS_MACCATALYST = NO;
				SUPPORTS_MAC_DESIGNED_FOR_IPHONE_IPAD = NO;
				SUPPORTS_XR_DESIGNED_FOR_IPHONE_IPAD = NO;
				SWIFT_ACTIVE_COMPILATION_CONDITIONS = "$(inherited) $(PRETTYSHOT_HANDOFF_CONDITION)";
				SWIFT_EMIT_LOC_STRINGS = YES;
				SWIFT_VERSION = 5.0;
				TARGETED_DEVICE_FAMILY = 1;
			};
			name = Debug;
		};
		E1D65E65706F1BDB0F9A1DDF = {
			isa = XCBuildConfiguration;
			baseConfigurationReference = 03F7D58B23001A083BC52C6A;
			buildSettings = {
				BUNDLE_LOADER = "$(TEST_HOST)";
				CODE_SIGN_STYLE = Automatic;
				CURRENT_PROJECT_VERSION = 1;
				DEVELOPMENT_TEAM = "";
				GENERATE_INFOPLIST_FILE = YES;
				IPHONEOS_DEPLOYMENT_TARGET = 17.0;
				MARKETING_VERSION = 0.1.0;
				PRODUCT_BUNDLE_IDENTIFIER = app.prettyshot.ios.tests;
				PRODUCT_NAME = "$(TARGET_NAME)";
				SDKROOT = iphoneos;
				SUPPORTED_PLATFORMS = "iphoneos iphonesimulator";
				SUPPORTS_MACCATALYST = NO;
				SUPPORTS_MAC_DESIGNED_FOR_IPHONE_IPAD = NO;
				SUPPORTS_XR_DESIGNED_FOR_IPHONE_IPAD = NO;
				SWIFT_ACTIVE_COMPILATION_CONDITIONS = "$(inherited) $(PRETTYSHOT_HANDOFF_CONDITION)";
				SWIFT_EMIT_LOC_STRINGS = NO;
				SWIFT_VERSION = 5.0;
				TARGETED_DEVICE_FAMILY = 1;
				TEST_HOST = "$(BUILT_PRODUCTS_DIR)/PrettyShotIOS.app/PrettyShotIOS";
			};
			name = Debug;
		};
		E4C138F33580223B64F04D82 = {
			isa = XCBuildConfiguration;
			buildSettings = {
				BUNDLE_LOADER = "$(TEST_HOST)";
				CODE_SIGN_IDENTITY = "PrettyShot Local";
				CODE_SIGN_STYLE = Manual;
				CURRENT_PROJECT_VERSION = 1;
				DEVELOPMENT_TEAM = "";
				GENERATE_INFOPLIST_FILE = YES;
				MARKETING_VERSION = 0.1.0;
				PRODUCT_BUNDLE_IDENTIFIER = app.prettyshot.PrettyShotTests;
				PRODUCT_NAME = "$(TARGET_NAME)";
				SWIFT_EMIT_LOC_STRINGS = NO;
				SWIFT_VERSION = 5.0;
				TEST_HOST = "$(BUILT_PRODUCTS_DIR)/PrettyShot.app/Contents/MacOS/PrettyShot";
			};
			name = Debug;
		};
		E77F2DA5390798CA69586A56 = {
			isa = XCBuildConfiguration;
			buildSettings = {
				ASSETCATALOG_COMPILER_APPICON_NAME = AppIcon;
				ASSETCATALOG_COMPILER_GLOBAL_ACCENT_COLOR_NAME = AccentColor;
				CODE_SIGN_IDENTITY = "PrettyShot Local";
				CODE_SIGN_STYLE = Manual;
				COMBINE_HIDPI_IMAGES = YES;
				CURRENT_PROJECT_VERSION = 1;
				DEVELOPMENT_TEAM = "";
				ENABLE_HARDENED_RUNTIME = YES;
				GENERATE_INFOPLIST_FILE = NO;
				INFOPLIST_FILE = PrettyShot/Resources/Info.plist;
				LD_RUNPATH_SEARCH_PATHS = (
					"$(inherited)",
					"@executable_path/../Frameworks",
				);
				MARKETING_VERSION = 0.1.0;
				PRODUCT_BUNDLE_IDENTIFIER = app.prettyshot.PrettyShot;
				PRODUCT_NAME = "$(TARGET_NAME)";
				SWIFT_EMIT_LOC_STRINGS = YES;
				SWIFT_VERSION = 5.0;
			};
			name = Debug;
		};
		F688D93EDB1E42E61AC65065 = {
			isa = XCBuildConfiguration;
			buildSettings = {
				BUNDLE_LOADER = "$(TEST_HOST)";
				CODE_SIGN_IDENTITY = "PrettyShot Local";
				CODE_SIGN_STYLE = Manual;
				CURRENT_PROJECT_VERSION = 1;
				DEVELOPMENT_TEAM = "";
				GENERATE_INFOPLIST_FILE = YES;
				MARKETING_VERSION = 0.1.0;
				PRODUCT_BUNDLE_IDENTIFIER = app.prettyshot.PrettyShotTests;
				PRODUCT_NAME = "$(TARGET_NAME)";
				SWIFT_EMIT_LOC_STRINGS = NO;
				SWIFT_VERSION = 5.0;
				TEST_HOST = "$(BUILT_PRODUCTS_DIR)/PrettyShot.app/Contents/MacOS/PrettyShot";
			};
			name = Release;
		};
/* End XCBuildConfiguration section */

/* Begin XCConfigurationList section */
		08C46AB8893E800C5272959A = {
			isa = XCConfigurationList;
			buildConfigurations = (
				E0F26A6934A00C2A6196B474,
				9FCE7581A1B306CB1C9D5528,
			);
			defaultConfigurationIsVisible = 0;
			defaultConfigurationName = Release;
		};
		2933526CFEF1680C76670E5A = {
			isa = XCConfigurationList;
			buildConfigurations = (
				8D12110E96E2948BAD322322,
				BDBBF054250C4714F8FCC890,
			);
			defaultConfigurationIsVisible = 0;
			defaultConfigurationName = Release;
		};
		40D16A87B43A1D63D79B92FE = {
			isa = XCConfigurationList;
			buildConfigurations = (
				E4C138F33580223B64F04D82,
				F688D93EDB1E42E61AC65065,
			);
			defaultConfigurationIsVisible = 0;
			defaultConfigurationName = Release;
		};
		609E4A96BEABCDE6609ECFD2 = {
			isa = XCConfigurationList;
			buildConfigurations = (
				E1D65E65706F1BDB0F9A1DDF,
				44D8EAF50E38D1FC6628D048,
			);
			defaultConfigurationIsVisible = 0;
			defaultConfigurationName = Release;
		};
		7496E889BDB901F07E08F130 = {
			isa = XCConfigurationList;
			buildConfigurations = (
				E77F2DA5390798CA69586A56,
				BF238D071D31888A21B417A6,
			);
			defaultConfigurationIsVisible = 0;
			defaultConfigurationName = Release;
		};
		887D4B5F61EA6AAAF609F3AC = {
			isa = XCConfigurationList;
			buildConfigurations = (
				A1FEF218C4C57CE118AD5A8A,
				D49EF4AC7029FD1A8C1140E0,
			);
			defaultConfigurationIsVisible = 0;
			defaultConfigurationName = Release;
		};
/* End XCConfigurationList section */

/* Begin XCLocalSwiftPackageReference section */
		BA56B22DEB61CA62FCC044A6 = {
			isa = XCLocalSwiftPackageReference;
			relativePath = PrettyShotCore;
		};
/* End XCLocalSwiftPackageReference section */

/* Begin XCSwiftPackageProductDependency section */
		11EF1E7245233D20C059D7AE = {
			isa = XCSwiftPackageProductDependency;
			package = BA56B22DEB61CA62FCC044A6;
			productName = PrettyShotCore;
		};
		4FFD0B4253A25343C4C7A949 = {
			isa = XCSwiftPackageProductDependency;
			package = BA56B22DEB61CA62FCC044A6;
			productName = PrettyShotCore;
		};
		769FCFDB80DBC1CB2939A25B = {
			isa = XCSwiftPackageProductDependency;
			package = BA56B22DEB61CA62FCC044A6;
			productName = PrettyShotCore;
		};
		8E2055DF5028DDA24BEF8208 = {
			isa = XCSwiftPackageProductDependency;
			package = BA56B22DEB61CA62FCC044A6;
			productName = PrettyShotCore;
		};
		9CD6581BAE1CA10542A44723 = {
			isa = XCSwiftPackageProductDependency;
			package = BA56B22DEB61CA62FCC044A6;
			productName = PrettyShotCore;
		};
/* End XCSwiftPackageProductDependency section */
	};
	rootObject = 46F86FAA6BBF9AC94A7E4595;
}
